
Microsoft Visual Studio Solution File, Format Version 12.00
# Visual Studio Version 17
VisualStudioVersion = 17.8.34525.116
MinimumVisualStudioVersion = 10.0.40219.1
Project("{FAE04EC0-301F-11D3-BF4B-00C04F79EFBC}") = "HangmanServer", "HangmanServer\HangmanServer.csproj", "{D6F5EA6D-682E-463A-AA21-29D1EBD07A5A}"
EndProject
Global
	GlobalSection(SolutionConfigurationPlatforms) = preSolution
		Debug|Any CPU = Debug|Any CPU
		Release|Any CPU = Release|Any CPU
	EndGlobalSection
	GlobalSection(ProjectConfigurationPlatforms) = postSolution
		{D6F5EA6D-682E-463A-AA21-29D1EBD07A5A}.Debug|Any CPU.ActiveCfg = Debug|Any CPU
		{D6F5EA6D-682E-463A-AA21-29D1EBD07A5A}.Debug|Any CPU.Build.0 = Debug|Any CPU
		{D6F5EA6D-682E-463A-AA21-29D1EBD07A5A}.Release|Any CPU.ActiveCfg = Release|Any CPU
		{D6F5EA6D-682E-463A-AA21-29D1EBD07A5A}.Release|Any CPU.Build.0 = Release|Any CPU
	EndGlobalSection
	GlobalSection(SolutionProperties) = preSolution
		HideSolutionNode = FALSE
	EndGlobalSection
	GlobalSection(ExtensibilityGlobals) = postSolution
		SolutionGuid = {3F5770A4-7092-4D46-BA08-767002A9CB75}
	EndGlobalSection
EndGlobal
